// !$*UTF8*$!
{
	archiveVersion = 1;
	classes = {
	};
	objectVersion = 46;
	objects = {

/* Begin PBXBuildFile section */
		C923C9D319CC8D7300080EE7 /* vboMesh.cpp in Sources */ = {isa = PBXBuildFile; fileRef = C923C9CF19CC8D7300080EE7 /* vboMesh.cpp */; };
		C923C9D419CC8D7300080EE7 /* vertexLayout.cpp in Sources */ = {isa = PBXBuildFile; fileRef = C923C9D119CC8D7300080EE7 /* vertexLayout.cpp */; };
		C945DFB419C37D7D00AC7191 /* error.cpp in Sources */ = {isa = PBXBuildFile; fileRef = C945DFB219C37D7D00AC7191 /* error.cpp */; };
		C95C000419AB8AE5003FEC0C /* ViewController.mm in Sources */ = {isa = PBXBuildFile; fileRef = C95C000319AB8AE5003FEC0C /* ViewController.mm */; };
		C95C000619AB8AE5003FEC0C /* Images.xcassets in Resources */ = {isa = PBXBuildFile; fileRef = C95C000519AB8AE5003FEC0C /* Images.xcassets */; };
		C95CFFE319AB8AE5003FEC0C /* Foundation.framework in Frameworks */ = {isa = PBXBuildFile; fileRef = C95CFFE219AB8AE5003FEC0C /* Foundation.framework */; };
		C95CFFE519AB8AE5003FEC0C /* CoreGraphics.framework in Frameworks */ = {isa = PBXBuildFile; fileRef = C95CFFE419AB8AE5003FEC0C /* CoreGraphics.framework */; };
		C95CFFE719AB8AE5003FEC0C /* UIKit.framework in Frameworks */ = {isa = PBXBuildFile; fileRef = C95CFFE619AB8AE5003FEC0C /* UIKit.framework */; };
		C95CFFE919AB8AE5003FEC0C /* GLKit.framework in Frameworks */ = {isa = PBXBuildFile; fileRef = C95CFFE819AB8AE5003FEC0C /* GLKit.framework */; };
		C95CFFEB19AB8AE5003FEC0C /* OpenGLES.framework in Frameworks */ = {isa = PBXBuildFile; fileRef = C95CFFEA19AB8AE5003FEC0C /* OpenGLES.framework */; };
		C95CFFF119AB8AE5003FEC0C /* InfoPlist.strings in Resources */ = {isa = PBXBuildFile; fileRef = C95CFFEF19AB8AE5003FEC0C /* InfoPlist.strings */; };
		C95CFFF319AB8AE5003FEC0C /* main.m in Sources */ = {isa = PBXBuildFile; fileRef = C95CFFF219AB8AE5003FEC0C /* main.m */; };
		C95CFFF719AB8AE5003FEC0C /* AppDelegate.m in Sources */ = {isa = PBXBuildFile; fileRef = C95CFFF619AB8AE5003FEC0C /* AppDelegate.m */; };
		C95CFFFA19AB8AE5003FEC0C /* Main_iPhone.storyboard in Resources */ = {isa = PBXBuildFile; fileRef = C95CFFF819AB8AE5003FEC0C /* Main_iPhone.storyboard */; };
		C95CFFFD19AB8AE5003FEC0C /* Main_iPad.storyboard in Resources */ = {isa = PBXBuildFile; fileRef = C95CFFFB19AB8AE5003FEC0C /* Main_iPad.storyboard */; };
		C9B2B67B19BF6A5B00E2642E /* shaderProgram.cpp in Sources */ = {isa = PBXBuildFile; fileRef = C9B2B67A19BF6A5B00E2642E /* shaderProgram.cpp */; };
		C9BCA9F919B8CCB1006260E7 /* platform_ios.cpp in Sources */ = {isa = PBXBuildFile; fileRef = C9BCA9F819B8CCB1006260E7 /* platform_ios.cpp */; };
		C9BCAA0419B91085006260E7 /* tangram.cpp in Sources */ = {isa = PBXBuildFile; fileRef = C9BCAA0319B91085006260E7 /* tangram.cpp */; };
/* End PBXBuildFile section */

/* Begin PBXFileReference section */
		C923C9CF19CC8D7300080EE7 /* vboMesh.cpp */ = {isa = PBXFileReference; fileEncoding = 4; lastKnownFileType = sourcecode.cpp.cpp; name = vboMesh.cpp; path = ../../../core/util/vboMesh.cpp; sourceTree = "<group>"; };
		C923C9D019CC8D7300080EE7 /* vboMesh.h */ = {isa = PBXFileReference; fileEncoding = 4; lastKnownFileType = sourcecode.c.h; name = vboMesh.h; path = ../../../core/util/vboMesh.h; sourceTree = "<group>"; };
		C923C9D119CC8D7300080EE7 /* vertexLayout.cpp */ = {isa = PBXFileReference; fileEncoding = 4; lastKnownFileType = sourcecode.cpp.cpp; name = vertexLayout.cpp; path = ../../../core/util/vertexLayout.cpp; sourceTree = "<group>"; };
		C923C9D219CC8D7300080EE7 /* vertexLayout.h */ = {isa = PBXFileReference; fileEncoding = 4; lastKnownFileType = sourcecode.c.h; name = vertexLayout.h; path = ../../../core/util/vertexLayout.h; sourceTree = "<group>"; };
		C945DFB219C37D7D00AC7191 /* error.cpp */ = {isa = PBXFileReference; fileEncoding = 4; lastKnownFileType = sourcecode.cpp.cpp; name = error.cpp; path = ../../../core/util/error.cpp; sourceTree = "<group>"; };
		C945DFB319C37D7D00AC7191 /* error.h */ = {isa = PBXFileReference; fileEncoding = 4; lastKnownFileType = sourcecode.c.h; name = error.h; path = ../../../core/util/error.h; sourceTree = "<group>"; };
		C95C000219AB8AE5003FEC0C /* ViewController.h */ = {isa = PBXFileReference; lastKnownFileType = sourcecode.c.h; path = ViewController.h; sourceTree = "<group>"; };
		C95C000319AB8AE5003FEC0C /* ViewController.mm */ = {isa = PBXFileReference; lastKnownFileType = sourcecode.cpp.objcpp; path = ViewController.mm; sourceTree = "<group>"; };
		C95C000519AB8AE5003FEC0C /* Images.xcassets */ = {isa = PBXFileReference; lastKnownFileType = folder.assetcatalog; path = Images.xcassets; sourceTree = "<group>"; };
		C95C000C19AB8AE5003FEC0C /* XCTest.framework */ = {isa = PBXFileReference; lastKnownFileType = wrapper.framework; name = XCTest.framework; path = Library/Frameworks/XCTest.framework; sourceTree = DEVELOPER_DIR; };
		C95CFFDF19AB8AE5003FEC0C /* TangramiOS.app */ = {isa = PBXFileReference; explicitFileType = wrapper.application; includeInIndex = 0; path = TangramiOS.app; sourceTree = BUILT_PRODUCTS_DIR; };
		C95CFFE219AB8AE5003FEC0C /* Foundation.framework */ = {isa = PBXFileReference; lastKnownFileType = wrapper.framework; name = Foundation.framework; path = System/Library/Frameworks/Foundation.framework; sourceTree = SDKROOT; };
		C95CFFE419AB8AE5003FEC0C /* CoreGraphics.framework */ = {isa = PBXFileReference; lastKnownFileType = wrapper.framework; name = CoreGraphics.framework; path = System/Library/Frameworks/CoreGraphics.framework; sourceTree = SDKROOT; };
		C95CFFE619AB8AE5003FEC0C /* UIKit.framework */ = {isa = PBXFileReference; lastKnownFileType = wrapper.framework; name = UIKit.framework; path = System/Library/Frameworks/UIKit.framework; sourceTree = SDKROOT; };
		C95CFFE819AB8AE5003FEC0C /* GLKit.framework */ = {isa = PBXFileReference; lastKnownFileType = wrapper.framework; name = GLKit.framework; path = System/Library/Frameworks/GLKit.framework; sourceTree = SDKROOT; };
		C95CFFEA19AB8AE5003FEC0C /* OpenGLES.framework */ = {isa = PBXFileReference; lastKnownFileType = wrapper.framework; name = OpenGLES.framework; path = System/Library/Frameworks/OpenGLES.framework; sourceTree = SDKROOT; };
		C95CFFEE19AB8AE5003FEC0C /* TangramiOS-Info.plist */ = {isa = PBXFileReference; lastKnownFileType = text.plist.xml; path = "TangramiOS-Info.plist"; sourceTree = "<group>"; };
		C95CFFF019AB8AE5003FEC0C /* en */ = {isa = PBXFileReference; lastKnownFileType = text.plist.strings; name = en; path = en.lproj/InfoPlist.strings; sourceTree = "<group>"; };
		C95CFFF219AB8AE5003FEC0C /* main.m */ = {isa = PBXFileReference; lastKnownFileType = sourcecode.c.objc; path = main.m; sourceTree = "<group>"; };
		C95CFFF419AB8AE5003FEC0C /* TangramiOS-Prefix.pch */ = {isa = PBXFileReference; lastKnownFileType = sourcecode.c.h; path = "TangramiOS-Prefix.pch"; sourceTree = "<group>"; };
		C95CFFF519AB8AE5003FEC0C /* AppDelegate.h */ = {isa = PBXFileReference; lastKnownFileType = sourcecode.c.h; path = AppDelegate.h; sourceTree = "<group>"; };
		C95CFFF619AB8AE5003FEC0C /* AppDelegate.m */ = {isa = PBXFileReference; lastKnownFileType = sourcecode.c.objc; path = AppDelegate.m; sourceTree = "<group>"; };
		C95CFFF919AB8AE5003FEC0C /* Base */ = {isa = PBXFileReference; lastKnownFileType = file.storyboard; name = Base; path = Base.lproj/Main_iPhone.storyboard; sourceTree = "<group>"; };
		C95CFFFC19AB8AE5003FEC0C /* Base */ = {isa = PBXFileReference; lastKnownFileType = file.storyboard; name = Base; path = Base.lproj/Main_iPad.storyboard; sourceTree = "<group>"; };
		C9B2B67919BF6A4900E2642E /* shaderProgram.h */ = {isa = PBXFileReference; fileEncoding = 4; lastKnownFileType = sourcecode.c.h; name = shaderProgram.h; path = ../../../core/util/shaderProgram.h; sourceTree = "<group>"; };
		C9B2B67A19BF6A5B00E2642E /* shaderProgram.cpp */ = {isa = PBXFileReference; fileEncoding = 4; lastKnownFileType = sourcecode.cpp.cpp; name = shaderProgram.cpp; path = ../../../core/util/shaderProgram.cpp; sourceTree = "<group>"; };
		C9BCA9F819B8CCB1006260E7 /* platform_ios.cpp */ = {isa = PBXFileReference; fileEncoding = 4; lastKnownFileType = sourcecode.cpp.cpp; path = platform_ios.cpp; sourceTree = "<group>"; };
		C9BCAA0219B91079006260E7 /* tangram.h */ = {isa = PBXFileReference; fileEncoding = 4; lastKnownFileType = sourcecode.c.h; name = tangram.h; path = ../../../core/tangram.h; sourceTree = "<group>"; };
		C9BCAA0319B91085006260E7 /* tangram.cpp */ = {isa = PBXFileReference; fileEncoding = 4; lastKnownFileType = sourcecode.cpp.cpp; name = tangram.cpp; path = ../../../core/tangram.cpp; sourceTree = "<group>"; };
		C9BCAA0519B91096006260E7 /* platform.h */ = {isa = PBXFileReference; fileEncoding = 4; lastKnownFileType = sourcecode.c.h; name = platform.h; path = ../../../core/platform.h; sourceTree = "<group>"; };
/* End PBXFileReference section */

/* Begin PBXFrameworksBuildPhase section */
		C95CFFDC19AB8AE5003FEC0C /* Frameworks */ = {
			isa = PBXFrameworksBuildPhase;
			buildActionMask = 2147483647;
			files = (
				C95CFFEB19AB8AE5003FEC0C /* OpenGLES.framework in Frameworks */,
				C95CFFE519AB8AE5003FEC0C /* CoreGraphics.framework in Frameworks */,
				C95CFFE719AB8AE5003FEC0C /* UIKit.framework in Frameworks */,
				C95CFFE919AB8AE5003FEC0C /* GLKit.framework in Frameworks */,
				C95CFFE319AB8AE5003FEC0C /* Foundation.framework in Frameworks */,
			);
			runOnlyForDeploymentPostprocessing = 0;
		};
/* End PBXFrameworksBuildPhase section */

/* Begin PBXGroup section */
		C95CFFD619AB8AE5003FEC0C = {
			isa = PBXGroup;
			children = (
				C95CFFEC19AB8AE5003FEC0C /* TangramiOS */,
				C95CFFE119AB8AE5003FEC0C /* Frameworks */,
				C95CFFE019AB8AE5003FEC0C /* Products */,
			);
			sourceTree = "<group>";
		};
		C95CFFE019AB8AE5003FEC0C /* Products */ = {
			isa = PBXGroup;
			children = (
				C95CFFDF19AB8AE5003FEC0C /* TangramiOS.app */,
			);
			name = Products;
			sourceTree = "<group>";
		};
		C95CFFE119AB8AE5003FEC0C /* Frameworks */ = {
			isa = PBXGroup;
			children = (
				C95CFFE219AB8AE5003FEC0C /* Foundation.framework */,
				C95CFFE419AB8AE5003FEC0C /* CoreGraphics.framework */,
				C95CFFE619AB8AE5003FEC0C /* UIKit.framework */,
				C95CFFE819AB8AE5003FEC0C /* GLKit.framework */,
				C95CFFEA19AB8AE5003FEC0C /* OpenGLES.framework */,
				C95C000C19AB8AE5003FEC0C /* XCTest.framework */,
			);
			name = Frameworks;
			sourceTree = "<group>";
		};
		C95CFFEC19AB8AE5003FEC0C /* TangramiOS */ = {
			isa = PBXGroup;
			children = (
				C9B2B67819BF69D100E2642E /* Core */,
				C9BCA9F819B8CCB1006260E7 /* platform_ios.cpp */,
				C95CFFF519AB8AE5003FEC0C /* AppDelegate.h */,
				C95CFFF619AB8AE5003FEC0C /* AppDelegate.m */,
				C95CFFF819AB8AE5003FEC0C /* Main_iPhone.storyboard */,
				C95CFFFB19AB8AE5003FEC0C /* Main_iPad.storyboard */,
				C95C000219AB8AE5003FEC0C /* ViewController.h */,
				C95C000319AB8AE5003FEC0C /* ViewController.mm */,
				C95C000519AB8AE5003FEC0C /* Images.xcassets */,
				C95CFFED19AB8AE5003FEC0C /* Supporting Files */,
			);
			path = TangramiOS;
			sourceTree = "<group>";
		};
		C95CFFED19AB8AE5003FEC0C /* Supporting Files */ = {
			isa = PBXGroup;
			children = (
				C95CFFEE19AB8AE5003FEC0C /* TangramiOS-Info.plist */,
				C95CFFEF19AB8AE5003FEC0C /* InfoPlist.strings */,
				C95CFFF219AB8AE5003FEC0C /* main.m */,
				C95CFFF419AB8AE5003FEC0C /* TangramiOS-Prefix.pch */,
			);
			name = "Supporting Files";
			sourceTree = "<group>";
		};
		C9B2B67819BF69D100E2642E /* Core */ = {
			isa = PBXGroup;
			children = (
				C923C9CF19CC8D7300080EE7 /* vboMesh.cpp */,
				C923C9D019CC8D7300080EE7 /* vboMesh.h */,
				C923C9D119CC8D7300080EE7 /* vertexLayout.cpp */,
				C923C9D219CC8D7300080EE7 /* vertexLayout.h */,
				C945DFB219C37D7D00AC7191 /* error.cpp */,
				C945DFB319C37D7D00AC7191 /* error.h */,
				C9B2B67919BF6A4900E2642E /* shaderProgram.h */,
				C9B2B67A19BF6A5B00E2642E /* shaderProgram.cpp */,
				C9BCAA0519B91096006260E7 /* platform.h */,
				C9BCAA0219B91079006260E7 /* tangram.h */,
				C9BCAA0319B91085006260E7 /* tangram.cpp */,
			);
			name = Core;
			sourceTree = "<group>";
		};
/* End PBXGroup section */

/* Begin PBXNativeTarget section */
		C95CFFDE19AB8AE5003FEC0C /* TangramiOS */ = {
			isa = PBXNativeTarget;
			buildConfigurationList = C95C001C19AB8AE5003FEC0C /* Build configuration list for PBXNativeTarget "TangramiOS" */;
			buildPhases = (
				C95CFFDB19AB8AE5003FEC0C /* Sources */,
				C95CFFDC19AB8AE5003FEC0C /* Frameworks */,
				C95CFFDD19AB8AE5003FEC0C /* Resources */,
			);
			buildRules = (
			);
			dependencies = (
			);
			name = TangramiOS;
			productName = TangramiOS;
			productReference = C95CFFDF19AB8AE5003FEC0C /* TangramiOS.app */;
			productType = "com.apple.product-type.application";
		};
/* End PBXNativeTarget section */

/* Begin PBXProject section */
		C95CFFD719AB8AE5003FEC0C /* Project object */ = {
			isa = PBXProject;
			attributes = {
				LastUpgradeCheck = 0510;
				ORGANIZATIONNAME = Mapzen;
			};
			buildConfigurationList = C95CFFDA19AB8AE5003FEC0C /* Build configuration list for PBXProject "TangramiOS" */;
			compatibilityVersion = "Xcode 3.2";
			developmentRegion = English;
			hasScannedForEncodings = 0;
			knownRegions = (
				en,
				Base,
			);
			mainGroup = C95CFFD619AB8AE5003FEC0C;
			productRefGroup = C95CFFE019AB8AE5003FEC0C /* Products */;
			projectDirPath = "";
			projectRoot = "";
			targets = (
				C95CFFDE19AB8AE5003FEC0C /* TangramiOS */,
			);
		};
/* End PBXProject section */

/* Begin PBXResourcesBuildPhase section */
		C95CFFDD19AB8AE5003FEC0C /* Resources */ = {
			isa = PBXResourcesBuildPhase;
			buildActionMask = 2147483647;
			files = (
				C95CFFFD19AB8AE5003FEC0C /* Main_iPad.storyboard in Resources */,
				C95CFFFA19AB8AE5003FEC0C /* Main_iPhone.storyboard in Resources */,
				C95C000619AB8AE5003FEC0C /* Images.xcassets in Resources */,
				C95CFFF119AB8AE5003FEC0C /* InfoPlist.strings in Resources */,
			);
			runOnlyForDeploymentPostprocessing = 0;
		};
/* End PBXResourcesBuildPhase section */

/* Begin PBXSourcesBuildPhase section */
		C95CFFDB19AB8AE5003FEC0C /* Sources */ = {
			isa = PBXSourcesBuildPhase;
			buildActionMask = 2147483647;
			files = (
				C923C9D319CC8D7300080EE7 /* vboMesh.cpp in Sources */,
				C9BCA9F919B8CCB1006260E7 /* platform_ios.cpp in Sources */,
				C9B2B67B19BF6A5B00E2642E /* shaderProgram.cpp in Sources */,
				C95C000419AB8AE5003FEC0C /* ViewController.mm in Sources */,
				C9BCAA0419B91085006260E7 /* tangram.cpp in Sources */,
				C95CFFF719AB8AE5003FEC0C /* AppDelegate.m in Sources */,
				C923C9D419CC8D7300080EE7 /* vertexLayout.cpp in Sources */,
				C945DFB419C37D7D00AC7191 /* error.cpp in Sources */,
				C95CFFF319AB8AE5003FEC0C /* main.m in Sources */,
			);
			runOnlyForDeploymentPostprocessing = 0;
		};
/* End PBXSourcesBuildPhase section */

/* Begin PBXVariantGroup section */
		C95CFFEF19AB8AE5003FEC0C /* InfoPlist.strings */ = {
			isa = PBXVariantGroup;
			children = (
				C95CFFF019AB8AE5003FEC0C /* en */,
			);
			name = InfoPlist.strings;
			sourceTree = "<group>";
		};
		C95CFFF819AB8AE5003FEC0C /* Main_iPhone.storyboard */ = {
			isa = PBXVariantGroup;
			children = (
				C95CFFF919AB8AE5003FEC0C /* Base */,
			);
			name = Main_iPhone.storyboard;
			sourceTree = "<group>";
		};
		C95CFFFB19AB8AE5003FEC0C /* Main_iPad.storyboard */ = {
			isa = PBXVariantGroup;
			children = (
				C95CFFFC19AB8AE5003FEC0C /* Base */,
			);
			name = Main_iPad.storyboard;
			sourceTree = "<group>";
		};
/* End PBXVariantGroup section */

/* Begin XCBuildConfiguration section */
		C95C001A19AB8AE5003FEC0C /* Debug */ = {
			isa = XCBuildConfiguration;
			buildSettings = {
				ALWAYS_SEARCH_USER_PATHS = NO;
				CLANG_CXX_LANGUAGE_STANDARD = "gnu++0x";
				CLANG_CXX_LIBRARY = "libc++";
				CLANG_ENABLE_MODULES = YES;
				CLANG_ENABLE_OBJC_ARC = YES;
				CLANG_WARN_BOOL_CONVERSION = YES;
				CLANG_WARN_CONSTANT_CONVERSION = YES;
				CLANG_WARN_DIRECT_OBJC_ISA_USAGE = YES_ERROR;
				CLANG_WARN_EMPTY_BODY = YES;
				CLANG_WARN_ENUM_CONVERSION = YES;
				CLANG_WARN_INT_CONVERSION = YES;
				CLANG_WARN_OBJC_ROOT_CLASS = YES_ERROR;
				CLANG_WARN__DUPLICATE_METHOD_MATCH = YES;
				"CODE_SIGN_IDENTITY[sdk=iphoneos*]" = "iPhone Developer";
				COPY_PHASE_STRIP = NO;
				GCC_C_LANGUAGE_STANDARD = gnu99;
				GCC_DYNAMIC_NO_PIC = NO;
				GCC_OPTIMIZATION_LEVEL = 0;
				GCC_PREPROCESSOR_DEFINITIONS = (
					"DEBUG=1",
					"$(inherited)",
				);
				GCC_SYMBOLS_PRIVATE_EXTERN = NO;
				GCC_WARN_64_TO_32_BIT_CONVERSION = YES;
				GCC_WARN_ABOUT_RETURN_TYPE = YES_ERROR;
				GCC_WARN_UNDECLARED_SELECTOR = YES;
				GCC_WARN_UNINITIALIZED_AUTOS = YES_AGGRESSIVE;
				GCC_WARN_UNUSED_FUNCTION = YES;
				GCC_WARN_UNUSED_VARIABLE = YES;
				IPHONEOS_DEPLOYMENT_TARGET = 7.1;
				ONLY_ACTIVE_ARCH = YES;
				SDKROOT = iphoneos;
				TARGETED_DEVICE_FAMILY = "1,2";
			};
			name = Debug;
		};
		C95C001B19AB8AE5003FEC0C /* Release */ = {
			isa = XCBuildConfiguration;
			buildSettings = {
				ALWAYS_SEARCH_USER_PATHS = NO;
				CLANG_CXX_LANGUAGE_STANDARD = "gnu++0x";
				CLANG_CXX_LIBRARY = "libc++";
				CLANG_ENABLE_MODULES = YES;
				CLANG_ENABLE_OBJC_ARC = YES;
				CLANG_WARN_BOOL_CONVERSION = YES;
				CLANG_WARN_CONSTANT_CONVERSION = YES;
				CLANG_WARN_DIRECT_OBJC_ISA_USAGE = YES_ERROR;
				CLANG_WARN_EMPTY_BODY = YES;
				CLANG_WARN_ENUM_CONVERSION = YES;
				CLANG_WARN_INT_CONVERSION = YES;
				CLANG_WARN_OBJC_ROOT_CLASS = YES_ERROR;
				CLANG_WARN__DUPLICATE_METHOD_MATCH = YES;
				"CODE_SIGN_IDENTITY[sdk=iphoneos*]" = "iPhone Developer";
				COPY_PHASE_STRIP = YES;
				ENABLE_NS_ASSERTIONS = NO;
				GCC_C_LANGUAGE_STANDARD = gnu99;
				GCC_WARN_64_TO_32_BIT_CONVERSION = YES;
				GCC_WARN_ABOUT_RETURN_TYPE = YES_ERROR;
				GCC_WARN_UNDECLARED_SELECTOR = YES;
				GCC_WARN_UNINITIALIZED_AUTOS = YES_AGGRESSIVE;
				GCC_WARN_UNUSED_FUNCTION = YES;
				GCC_WARN_UNUSED_VARIABLE = YES;
				IPHONEOS_DEPLOYMENT_TARGET = 7.1;
				SDKROOT = iphoneos;
				TARGETED_DEVICE_FAMILY = "1,2";
				VALIDATE_PRODUCT = YES;
			};
			name = Release;
		};
		C95C001D19AB8AE5003FEC0C /* Debug */ = {
			isa = XCBuildConfiguration;
			buildSettings = {
				ASSETCATALOG_COMPILER_APPICON_NAME = AppIcon;
				ASSETCATALOG_COMPILER_LAUNCHIMAGE_NAME = LaunchImage;
				GCC_PRECOMPILE_PREFIX_HEADER = YES;
				GCC_PREFIX_HEADER = "TangramiOS/TangramiOS-Prefix.pch";
				INFOPLIST_FILE = "TangramiOS/TangramiOS-Info.plist";
				LIBRARY_SEARCH_PATHS = (
					"$(inherited)",
					"$(PROJECT_DIR)/TangramiOS",
					"$(PROJECT_DIR)/TangramiOS/libs",
					"$(PROJECT_DIR)/TangramiOS/precompiled",
				);
				OTHER_CFLAGS = (
					"-I../../core",
					"-I../../core/include",
					"-ITangramiOS/include",
					"-DPLATFORM_IOS",
				);
				PRODUCT_NAME = "$(TARGET_NAME)";
				WRAPPER_EXTENSION = app;
			};
			name = Debug;
		};
		C95C001E19AB8AE5003FEC0C /* Release */ = {
			isa = XCBuildConfiguration;
			buildSettings = {
				ASSETCATALOG_COMPILER_APPICON_NAME = AppIcon;
				ASSETCATALOG_COMPILER_LAUNCHIMAGE_NAME = LaunchImage;
				GCC_PRECOMPILE_PREFIX_HEADER = YES;
				GCC_PREFIX_HEADER = "TangramiOS/TangramiOS-Prefix.pch";
				INFOPLIST_FILE = "TangramiOS/TangramiOS-Info.plist";
				LIBRARY_SEARCH_PATHS = (
					"$(inherited)",
					"$(PROJECT_DIR)/TangramiOS",
					"$(PROJECT_DIR)/TangramiOS/libs",
					"$(PROJECT_DIR)/TangramiOS/precompiled",
				);
				OTHER_CFLAGS = (
					"-I../../core",
					"-I../../core/include",
					"-ITangramiOS/include",
					"-DPLATFORM_IOS",
				);
				PRODUCT_NAME = "$(TARGET_NAME)";
				WRAPPER_EXTENSION = app;
			};
			name = Release;
		};
/* End XCBuildConfiguration section */

/* Begin XCConfigurationList section */
		C95C001C19AB8AE5003FEC0C /* Build configuration list for PBXNativeTarget "TangramiOS" */ = {
			isa = XCConfigurationList;
			buildConfigurations = (
				C95C001D19AB8AE5003FEC0C /* Debug */,
				C95C001E19AB8AE5003FEC0C /* Release */,
			);
			defaultConfigurationIsVisible = 0;
			defaultConfigurationName = Release;
		};
		C95CFFDA19AB8AE5003FEC0C /* Build configuration list for PBXProject "TangramiOS" */ = {
			isa = XCConfigurationList;
			buildConfigurations = (
				C95C001A19AB8AE5003FEC0C /* Debug */,
				C95C001B19AB8AE5003FEC0C /* Release */,
			);
			defaultConfigurationIsVisible = 0;
			defaultConfigurationName = Release;
		};
/* End XCConfigurationList section */
	};
	rootObject = C95CFFD719AB8AE5003FEC0C /* Project object */;
}
