// !$*UTF8*$!
{
	archiveVersion = 1;
	classes = {
	};
	objectVersion = 48;
	objects = {

/* Begin PBXBuildFile section */
		D20C4A55212B6D94005BDB9A /* GLKit.framework in Frameworks */ = {isa = PBXBuildFile; fileRef = D20C4A54212B6D93005BDB9A /* GLKit.framework */; };
		D298723520D05F6F009A0AB8 /* MapViewController.m in Sources */ = {isa = PBXBuildFile; fileRef = D298723120D05F6E009A0AB8 /* MapViewController.m */; };
		D298723620D05F6F009A0AB8 /* main.m in Sources */ = {isa = PBXBuildFile; fileRef = D298723220D05F6E009A0AB8 /* main.m */; };
		D298723720D05F6F009A0AB8 /* AppDelegate.m in Sources */ = {isa = PBXBuildFile; fileRef = D298723320D05F6E009A0AB8 /* AppDelegate.m */; };
		D298723C20D05F7A009A0AB8 /* LaunchScreen.xib in Resources */ = {isa = PBXBuildFile; fileRef = D298723920D05F7A009A0AB8 /* LaunchScreen.xib */; };
		D298723D20D05F7A009A0AB8 /* Main_iPhone.storyboard in Resources */ = {isa = PBXBuildFile; fileRef = D298723A20D05F7A009A0AB8 /* Main_iPhone.storyboard */; };
		D298723E20D05F7A009A0AB8 /* Main_iPad.storyboard in Resources */ = {isa = PBXBuildFile; fileRef = D298723B20D05F7A009A0AB8 /* Main_iPad.storyboard */; };
		D2BF610921A4B9E60006A16D /* JavaScriptCore.framework in Frameworks */ = {isa = PBXBuildFile; fileRef = D2BF610821A4B9E60006A16D /* JavaScriptCore.framework */; };
		D2DB6A9420DAE14A0043E74F /* TangramMap.framework in Frameworks */ = {isa = PBXBuildFile; fileRef = D2DB6A9320DAE14A0043E74F /* TangramMap.framework */; };
		D2DB6A9520DAE1500043E74F /* TangramMap.framework in CopyFiles */ = {isa = PBXBuildFile; fileRef = D2DB6A9320DAE14A0043E74F /* TangramMap.framework */; settings = {ATTRIBUTES = (CodeSignOnCopy, RemoveHeadersOnCopy, ); }; };
		D2F0603520E6E01700CB442F /* AppDelegate.h in Sources */ = {isa = PBXBuildFile; fileRef = D298723020D05F6E009A0AB8 /* AppDelegate.h */; };
		D2F0603620E6E01700CB442F /* MapViewController.m in Sources */ = {isa = PBXBuildFile; fileRef = D298723120D05F6E009A0AB8 /* MapViewController.m */; };
		D2F0603720E6E01700CB442F /* main.m in Sources */ = {isa = PBXBuildFile; fileRef = D298723220D05F6E009A0AB8 /* main.m */; };
		D2F0603820E6E01700CB442F /* AppDelegate.m in Sources */ = {isa = PBXBuildFile; fileRef = D298723320D05F6E009A0AB8 /* AppDelegate.m */; };
		D2F0603920E6E01700CB442F /* MapViewController.h in Sources */ = {isa = PBXBuildFile; fileRef = D298723420D05F6E009A0AB8 /* MapViewController.h */; };
		D2F0603B20E6E31200CB442F /* libsqlite3.tbd in Frameworks */ = {isa = PBXBuildFile; fileRef = D2F0603A20E6E31200CB442F /* libsqlite3.tbd */; };
		D2F0603D20E6E32200CB442F /* libz.tbd in Frameworks */ = {isa = PBXBuildFile; fileRef = D2F0603C20E6E32200CB442F /* libz.tbd */; };
		D2F0603F20E6E33300CB442F /* libc++.tbd in Frameworks */ = {isa = PBXBuildFile; fileRef = D2F0603E20E6E33300CB442F /* libc++.tbd */; };
		D2F0604320EA9AD000CB442F /* LaunchScreen.xib in Resources */ = {isa = PBXBuildFile; fileRef = D298723920D05F7A009A0AB8 /* LaunchScreen.xib */; };
		D2F0604420EA9AD000CB442F /* Main_iPhone.storyboard in Resources */ = {isa = PBXBuildFile; fileRef = D298723A20D05F7A009A0AB8 /* Main_iPhone.storyboard */; };
		D2F0604520EA9AD000CB442F /* Main_iPad.storyboard in Resources */ = {isa = PBXBuildFile; fileRef = D298723B20D05F7A009A0AB8 /* Main_iPad.storyboard */; };
		D2F0604720EACEB700CB442F /* libtangram-static.a in Frameworks */ = {isa = PBXBuildFile; fileRef = D2F0604620EACEB700CB442F /* libtangram-static.a */; };
/* End PBXBuildFile section */

/* Begin PBXCopyFilesBuildPhase section */
		D298724520D06516009A0AB8 /* CopyFiles */ = {
			isa = PBXCopyFilesBuildPhase;
			buildActionMask = 2147483647;
			dstPath = "";
			dstSubfolderSpec = 10;
			files = (
				D2DB6A9520DAE1500043E74F /* TangramMap.framework in CopyFiles */,
			);
			runOnlyForDeploymentPostprocessing = 0;
		};
/* End PBXCopyFilesBuildPhase section */

/* Begin PBXFileReference section */
		D20C4A54212B6D93005BDB9A /* GLKit.framework */ = {isa = PBXFileReference; lastKnownFileType = wrapper.framework; name = GLKit.framework; path = System/Library/Frameworks/GLKit.framework; sourceTree = SDKROOT; };
		D222B92321642BCA007E6FD6 /* Info.plist */ = {isa = PBXFileReference; fileEncoding = 4; lastKnownFileType = text.plist.xml; name = Info.plist; path = ../../../build/ios/Info.plist; sourceTree = "<group>"; };
		D298721620D05D8E009A0AB8 /* TangramDemo.app */ = {isa = PBXFileReference; explicitFileType = wrapper.application; includeInIndex = 0; path = TangramDemo.app; sourceTree = BUILT_PRODUCTS_DIR; };
		D298723020D05F6E009A0AB8 /* AppDelegate.h */ = {isa = PBXFileReference; fileEncoding = 4; lastKnownFileType = sourcecode.c.h; path = AppDelegate.h; sourceTree = "<group>"; };
		D298723120D05F6E009A0AB8 /* MapViewController.m */ = {isa = PBXFileReference; fileEncoding = 4; lastKnownFileType = sourcecode.c.objc; path = MapViewController.m; sourceTree = "<group>"; };
		D298723220D05F6E009A0AB8 /* main.m */ = {isa = PBXFileReference; fileEncoding = 4; lastKnownFileType = sourcecode.c.objc; path = main.m; sourceTree = "<group>"; };
		D298723320D05F6E009A0AB8 /* AppDelegate.m */ = {isa = PBXFileReference; fileEncoding = 4; lastKnownFileType = sourcecode.c.objc; path = AppDelegate.m; sourceTree = "<group>"; };
		D298723420D05F6E009A0AB8 /* MapViewController.h */ = {isa = PBXFileReference; fileEncoding = 4; lastKnownFileType = sourcecode.c.h; path = MapViewController.h; sourceTree = "<group>"; };
		D298723920D05F7A009A0AB8 /* LaunchScreen.xib */ = {isa = PBXFileReference; fileEncoding = 4; lastKnownFileType = file.xib; path = LaunchScreen.xib; sourceTree = "<group>"; };
		D298723A20D05F7A009A0AB8 /* Main_iPhone.storyboard */ = {isa = PBXFileReference; fileEncoding = 4; lastKnownFileType = file.storyboard; path = Main_iPhone.storyboard; sourceTree = "<group>"; };
		D298723B20D05F7A009A0AB8 /* Main_iPad.storyboard */ = {isa = PBXFileReference; fileEncoding = 4; lastKnownFileType = file.storyboard; path = Main_iPad.storyboard; sourceTree = "<group>"; };
		D2BF610821A4B9E60006A16D /* JavaScriptCore.framework */ = {isa = PBXFileReference; lastKnownFileType = wrapper.framework; name = JavaScriptCore.framework; path = System/Library/Frameworks/JavaScriptCore.framework; sourceTree = SDKROOT; };
		D2DB6A9320DAE14A0043E74F /* TangramMap.framework */ = {isa = PBXFileReference; explicitFileType = wrapper.framework; path = TangramMap.framework; sourceTree = BUILT_PRODUCTS_DIR; };
		D2F0601F20E6DFAF00CB442F /* TangramDemo-static.app */ = {isa = PBXFileReference; explicitFileType = wrapper.application; includeInIndex = 0; path = "TangramDemo-static.app"; sourceTree = BUILT_PRODUCTS_DIR; };
		D2F0603A20E6E31200CB442F /* libsqlite3.tbd */ = {isa = PBXFileReference; lastKnownFileType = "sourcecode.text-based-dylib-definition"; name = libsqlite3.tbd; path = usr/lib/libsqlite3.tbd; sourceTree = SDKROOT; };
		D2F0603C20E6E32200CB442F /* libz.tbd */ = {isa = PBXFileReference; lastKnownFileType = "sourcecode.text-based-dylib-definition"; name = libz.tbd; path = usr/lib/libz.tbd; sourceTree = SDKROOT; };
		D2F0603E20E6E33300CB442F /* libc++.tbd */ = {isa = PBXFileReference; lastKnownFileType = "sourcecode.text-based-dylib-definition"; name = "libc++.tbd"; path = "usr/lib/libc++.tbd"; sourceTree = SDKROOT; };
		D2F0604620EACEB700CB442F /* libtangram-static.a */ = {isa = PBXFileReference; explicitFileType = archive.ar; path = "libtangram-static.a"; sourceTree = BUILT_PRODUCTS_DIR; };
/* End PBXFileReference section */

/* Begin PBXFrameworksBuildPhase section */
		D298721320D05D8E009A0AB8 /* Frameworks */ = {
			isa = PBXFrameworksBuildPhase;
			buildActionMask = 2147483647;
			files = (
				D2DB6A9420DAE14A0043E74F /* TangramMap.framework in Frameworks */,
			);
			runOnlyForDeploymentPostprocessing = 0;
		};
		D2F0601C20E6DFAF00CB442F /* Frameworks */ = {
			isa = PBXFrameworksBuildPhase;
			buildActionMask = 2147483647;
			files = (
				D2BF610921A4B9E60006A16D /* JavaScriptCore.framework in Frameworks */,
				D20C4A55212B6D94005BDB9A /* GLKit.framework in Frameworks */,
				D2F0604720EACEB700CB442F /* libtangram-static.a in Frameworks */,
				D2F0603F20E6E33300CB442F /* libc++.tbd in Frameworks */,
				D2F0603D20E6E32200CB442F /* libz.tbd in Frameworks */,
				D2F0603B20E6E31200CB442F /* libsqlite3.tbd in Frameworks */,
			);
			runOnlyForDeploymentPostprocessing = 0;
		};
/* End PBXFrameworksBuildPhase section */

/* Begin PBXGroup section */
		D235656F20D9BA77006E3D13 /* Frameworks */ = {
			isa = PBXGroup;
			children = (
				D2BF610821A4B9E60006A16D /* JavaScriptCore.framework */,
				D20C4A54212B6D93005BDB9A /* GLKit.framework */,
				D2F0604620EACEB700CB442F /* libtangram-static.a */,
				D2F0603E20E6E33300CB442F /* libc++.tbd */,
				D2F0603C20E6E32200CB442F /* libz.tbd */,
				D2F0603A20E6E31200CB442F /* libsqlite3.tbd */,
				D2DB6A9320DAE14A0043E74F /* TangramMap.framework */,
			);
			name = Frameworks;
			sourceTree = "<group>";
		};
		D298720D20D05D8E009A0AB8 = {
			isa = PBXGroup;
			children = (
				D222B92321642BCA007E6FD6 /* Info.plist */,
				D298723820D05F7A009A0AB8 /* resources */,
				D298722F20D05F6E009A0AB8 /* src */,
				D298721720D05D8E009A0AB8 /* Products */,
				D235656F20D9BA77006E3D13 /* Frameworks */,
			);
			sourceTree = "<group>";
		};
		D298721720D05D8E009A0AB8 /* Products */ = {
			isa = PBXGroup;
			children = (
				D298721620D05D8E009A0AB8 /* TangramDemo.app */,
				D2F0601F20E6DFAF00CB442F /* TangramDemo-static.app */,
			);
			name = Products;
			sourceTree = "<group>";
		};
		D298722F20D05F6E009A0AB8 /* src */ = {
			isa = PBXGroup;
			children = (
				D298723020D05F6E009A0AB8 /* AppDelegate.h */,
				D298723120D05F6E009A0AB8 /* MapViewController.m */,
				D298723220D05F6E009A0AB8 /* main.m */,
				D298723320D05F6E009A0AB8 /* AppDelegate.m */,
				D298723420D05F6E009A0AB8 /* MapViewController.h */,
			);
			path = src;
			sourceTree = "<group>";
		};
		D298723820D05F7A009A0AB8 /* resources */ = {
			isa = PBXGroup;
			children = (
				D298723920D05F7A009A0AB8 /* LaunchScreen.xib */,
				D298723A20D05F7A009A0AB8 /* Main_iPhone.storyboard */,
				D298723B20D05F7A009A0AB8 /* Main_iPad.storyboard */,
			);
			path = resources;
			sourceTree = "<group>";
		};
/* End PBXGroup section */

/* Begin PBXNativeTarget section */
		D298721520D05D8E009A0AB8 /* TangramDemo */ = {
			isa = PBXNativeTarget;
			buildConfigurationList = D298722C20D05D91009A0AB8 /* Build configuration list for PBXNativeTarget "TangramDemo" */;
			buildPhases = (
				D298721220D05D8E009A0AB8 /* Sources */,
				D298721320D05D8E009A0AB8 /* Frameworks */,
				D298721420D05D8E009A0AB8 /* Resources */,
				D298724520D06516009A0AB8 /* CopyFiles */,
			);
			buildRules = (
			);
			dependencies = (
			);
			name = TangramDemo;
			productName = TangramDemo;
			productReference = D298721620D05D8E009A0AB8 /* TangramDemo.app */;
			productType = "com.apple.product-type.application";
		};
		D2F0601E20E6DFAF00CB442F /* TangramDemo-static */ = {
			isa = PBXNativeTarget;
			buildConfigurationList = D2F0603220E6DFB200CB442F /* Build configuration list for PBXNativeTarget "TangramDemo-static" */;
			buildPhases = (
				D2F0601B20E6DFAF00CB442F /* Sources */,
				D2F0601C20E6DFAF00CB442F /* Frameworks */,
				D2F0601D20E6DFAF00CB442F /* Resources */,
			);
			buildRules = (
			);
			dependencies = (
			);
			name = "TangramDemo-static";
			productName = "TangramDemo-static";
			productReference = D2F0601F20E6DFAF00CB442F /* TangramDemo-static.app */;
			productType = "com.apple.product-type.application";
		};
/* End PBXNativeTarget section */

/* Begin PBXProject section */
		D298720E20D05D8E009A0AB8 /* Project object */ = {
			isa = PBXProject;
			attributes = {
				LastUpgradeCheck = 0930;
				ORGANIZATIONNAME = "Matt Blair";
				TargetAttributes = {
					D298721520D05D8E009A0AB8 = {
						CreatedOnToolsVersion = 9.3;
						ProvisioningStyle = Automatic;
					};
					D2F0601E20E6DFAF00CB442F = {
						CreatedOnToolsVersion = 9.4.1;
						ProvisioningStyle = Automatic;
					};
				};
			};
			buildConfigurationList = D298721120D05D8E009A0AB8 /* Build configuration list for PBXProject "TangramDemo" */;
			compatibilityVersion = "Xcode 8.0";
			developmentRegion = en;
			hasScannedForEncodings = 0;
			knownRegions = (
				en,
				Base,
			);
			mainGroup = D298720D20D05D8E009A0AB8;
			productRefGroup = D298721720D05D8E009A0AB8 /* Products */;
			projectDirPath = "";
			projectRoot = "";
			targets = (
				D298721520D05D8E009A0AB8 /* TangramDemo */,
				D2F0601E20E6DFAF00CB442F /* TangramDemo-static */,
			);
		};
/* End PBXProject section */

/* Begin PBXResourcesBuildPhase section */
		D298721420D05D8E009A0AB8 /* Resources */ = {
			isa = PBXResourcesBuildPhase;
			buildActionMask = 2147483647;
			files = (
				D298723E20D05F7A009A0AB8 /* Main_iPad.storyboard in Resources */,
				D298723D20D05F7A009A0AB8 /* Main_iPhone.storyboard in Resources */,
				D298723C20D05F7A009A0AB8 /* LaunchScreen.xib in Resources */,
			);
			runOnlyForDeploymentPostprocessing = 0;
		};
		D2F0601D20E6DFAF00CB442F /* Resources */ = {
			isa = PBXResourcesBuildPhase;
			buildActionMask = 2147483647;
			files = (
				D2F0604320EA9AD000CB442F /* LaunchScreen.xib in Resources */,
				D2F0604420EA9AD000CB442F /* Main_iPhone.storyboard in Resources */,
				D2F0604520EA9AD000CB442F /* Main_iPad.storyboard in Resources */,
			);
			runOnlyForDeploymentPostprocessing = 0;
		};
/* End PBXResourcesBuildPhase section */

/* Begin PBXSourcesBuildPhase section */
		D298721220D05D8E009A0AB8 /* Sources */ = {
			isa = PBXSourcesBuildPhase;
			buildActionMask = 2147483647;
			files = (
				D298723620D05F6F009A0AB8 /* main.m in Sources */,
				D298723520D05F6F009A0AB8 /* MapViewController.m in Sources */,
				D298723720D05F6F009A0AB8 /* AppDelegate.m in Sources */,
			);
			runOnlyForDeploymentPostprocessing = 0;
		};
		D2F0601B20E6DFAF00CB442F /* Sources */ = {
			isa = PBXSourcesBuildPhase;
			buildActionMask = 2147483647;
			files = (
				D2F0603520E6E01700CB442F /* AppDelegate.h in Sources */,
				D2F0603620E6E01700CB442F /* MapViewController.m in Sources */,
				D2F0603720E6E01700CB442F /* main.m in Sources */,
				D2F0603820E6E01700CB442F /* AppDelegate.m in Sources */,
				D2F0603920E6E01700CB442F /* MapViewController.h in Sources */,
			);
			runOnlyForDeploymentPostprocessing = 0;
		};
/* End PBXSourcesBuildPhase section */

/* Begin XCBuildConfiguration section */
		D298722A20D05D91009A0AB8 /* Debug */ = {
			isa = XCBuildConfiguration;
			buildSettings = {
				ALWAYS_SEARCH_USER_PATHS = NO;
				CLANG_ANALYZER_NONNULL = YES;
				CLANG_ANALYZER_NUMBER_OBJECT_CONVERSION = YES_AGGRESSIVE;
				CLANG_CXX_LANGUAGE_STANDARD = "gnu++14";
				CLANG_CXX_LIBRARY = "libc++";
				CLANG_ENABLE_MODULES = YES;
				CLANG_ENABLE_OBJC_ARC = YES;
				CLANG_ENABLE_OBJC_WEAK = YES;
				CLANG_WARN_BLOCK_CAPTURE_AUTORELEASING = YES;
				CLANG_WARN_BOOL_CONVERSION = YES;
				CLANG_WARN_COMMA = YES;
				CLANG_WARN_CONSTANT_CONVERSION = YES;
				CLANG_WARN_DEPRECATED_OBJC_IMPLEMENTATIONS = YES;
				CLANG_WARN_DIRECT_OBJC_ISA_USAGE = YES_ERROR;
				CLANG_WARN_DOCUMENTATION_COMMENTS = YES;
				CLANG_WARN_EMPTY_BODY = YES;
				CLANG_WARN_ENUM_CONVERSION = YES;
				CLANG_WARN_INFINITE_RECURSION = YES;
				CLANG_WARN_INT_CONVERSION = YES;
				CLANG_WARN_NON_LITERAL_NULL_CONVERSION = YES;
				CLANG_WARN_OBJC_IMPLICIT_RETAIN_SELF = YES;
				CLANG_WARN_OBJC_LITERAL_CONVERSION = YES;
				CLANG_WARN_OBJC_ROOT_CLASS = YES_ERROR;
				CLANG_WARN_RANGE_LOOP_ANALYSIS = YES;
				CLANG_WARN_STRICT_PROTOTYPES = YES;
				CLANG_WARN_SUSPICIOUS_MOVE = YES;
				CLANG_WARN_UNGUARDED_AVAILABILITY = YES_AGGRESSIVE;
				CLANG_WARN_UNREACHABLE_CODE = YES;
				CLANG_WARN__DUPLICATE_METHOD_MATCH = YES;
				CODE_SIGN_IDENTITY = "iPhone Developer";
				COPY_PHASE_STRIP = NO;
				DEBUG_INFORMATION_FORMAT = dwarf;
				ENABLE_STRICT_OBJC_MSGSEND = YES;
				ENABLE_TESTABILITY = YES;
				GCC_C_LANGUAGE_STANDARD = gnu11;
				GCC_DYNAMIC_NO_PIC = NO;
				GCC_NO_COMMON_BLOCKS = YES;
				GCC_OPTIMIZATION_LEVEL = 0;
				GCC_PREPROCESSOR_DEFINITIONS = (
					"DEBUG=1",
					"$(inherited)",
				);
				GCC_WARN_64_TO_32_BIT_CONVERSION = YES;
				GCC_WARN_ABOUT_RETURN_TYPE = YES_ERROR;
				GCC_WARN_UNDECLARED_SELECTOR = YES;
				GCC_WARN_UNINITIALIZED_AUTOS = YES_AGGRESSIVE;
				GCC_WARN_UNUSED_FUNCTION = YES;
				GCC_WARN_UNUSED_VARIABLE = YES;
				IPHONEOS_DEPLOYMENT_TARGET = 11.3;
				MTL_ENABLE_DEBUG_INFO = YES;
				ONLY_ACTIVE_ARCH = YES;
				SDKROOT = iphoneos;
			};
			name = Debug;
		};
		D298722B20D05D91009A0AB8 /* Release */ = {
			isa = XCBuildConfiguration;
			buildSettings = {
				ALWAYS_SEARCH_USER_PATHS = NO;
				CLANG_ANALYZER_NONNULL = YES;
				CLANG_ANALYZER_NUMBER_OBJECT_CONVERSION = YES_AGGRESSIVE;
				CLANG_CXX_LANGUAGE_STANDARD = "gnu++14";
				CLANG_CXX_LIBRARY = "libc++";
				CLANG_ENABLE_MODULES = YES;
				CLANG_ENABLE_OBJC_ARC = YES;
				CLANG_ENABLE_OBJC_WEAK = YES;
				CLANG_WARN_BLOCK_CAPTURE_AUTORELEASING = YES;
				CLANG_WARN_BOOL_CONVERSION = YES;
				CLANG_WARN_COMMA = YES;
				CLANG_WARN_CONSTANT_CONVERSION = YES;
				CLANG_WARN_DEPRECATED_OBJC_IMPLEMENTATIONS = YES;
				CLANG_WARN_DIRECT_OBJC_ISA_USAGE = YES_ERROR;
				CLANG_WARN_DOCUMENTATION_COMMENTS = YES;
				CLANG_WARN_EMPTY_BODY = YES;
				CLANG_WARN_ENUM_CONVERSION = YES;
				CLANG_WARN_INFINITE_RECURSION = YES;
				CLANG_WARN_INT_CONVERSION = YES;
				CLANG_WARN_NON_LITERAL_NULL_CONVERSION = YES;
				CLANG_WARN_OBJC_IMPLICIT_RETAIN_SELF = YES;
				CLANG_WARN_OBJC_LITERAL_CONVERSION = YES;
				CLANG_WARN_OBJC_ROOT_CLASS = YES_ERROR;
				CLANG_WARN_RANGE_LOOP_ANALYSIS = YES;
				CLANG_WARN_STRICT_PROTOTYPES = YES;
				CLANG_WARN_SUSPICIOUS_MOVE = YES;
				CLANG_WARN_UNGUARDED_AVAILABILITY = YES_AGGRESSIVE;
				CLANG_WARN_UNREACHABLE_CODE = YES;
				CLANG_WARN__DUPLICATE_METHOD_MATCH = YES;
				CODE_SIGN_IDENTITY = "iPhone Developer";
				COPY_PHASE_STRIP = NO;
				DEBUG_INFORMATION_FORMAT = "dwarf-with-dsym";
				ENABLE_NS_ASSERTIONS = NO;
				ENABLE_STRICT_OBJC_MSGSEND = YES;
				GCC_C_LANGUAGE_STANDARD = gnu11;
				GCC_NO_COMMON_BLOCKS = YES;
				GCC_WARN_64_TO_32_BIT_CONVERSION = YES;
				GCC_WARN_ABOUT_RETURN_TYPE = YES_ERROR;
				GCC_WARN_UNDECLARED_SELECTOR = YES;
				GCC_WARN_UNINITIALIZED_AUTOS = YES_AGGRESSIVE;
				GCC_WARN_UNUSED_FUNCTION = YES;
				GCC_WARN_UNUSED_VARIABLE = YES;
				IPHONEOS_DEPLOYMENT_TARGET = 11.3;
				MTL_ENABLE_DEBUG_INFO = NO;
				SDKROOT = iphoneos;
				VALIDATE_PRODUCT = YES;
			};
			name = Release;
		};
		D298722D20D05D91009A0AB8 /* Debug */ = {
			isa = XCBuildConfiguration;
			buildSettings = {
				ASSETCATALOG_COMPILER_APPICON_NAME = AppIcon;
				CODE_SIGN_STYLE = Automatic;
				DEVELOPMENT_TEAM = "";
				GCC_TREAT_WARNINGS_AS_ERRORS = YES;
				INFOPLIST_FILE = ../../../build/ios/Info.plist;
				IPHONEOS_DEPLOYMENT_TARGET = 9.3;
				LD_RUNPATH_SEARCH_PATHS = "$(inherited) @executable_path/Frameworks";
				PRODUCT_BUNDLE_IDENTIFIER = com.mapzen.ios.TangramDemo;
				PRODUCT_NAME = "$(TARGET_NAME)";
				SYMROOT = ../../../build/ios;
				TARGETED_DEVICE_FAMILY = "1,2";
			};
			name = Debug;
		};
		D298722E20D05D91009A0AB8 /* Release */ = {
			isa = XCBuildConfiguration;
			buildSettings = {
				ASSETCATALOG_COMPILER_APPICON_NAME = AppIcon;
				CODE_SIGN_STYLE = Automatic;
				DEVELOPMENT_TEAM = "";
				GCC_TREAT_WARNINGS_AS_ERRORS = YES;
				INFOPLIST_FILE = ../../../build/ios/Info.plist;
				IPHONEOS_DEPLOYMENT_TARGET = 9.3;
				LD_RUNPATH_SEARCH_PATHS = "$(inherited) @executable_path/Frameworks";
				ONLY_ACTIVE_ARCH = YES;
				PRODUCT_BUNDLE_IDENTIFIER = com.mapzen.ios.TangramDemo;
				PRODUCT_NAME = "$(TARGET_NAME)";
				SYMROOT = ../../../build/ios;
				TARGETED_DEVICE_FAMILY = "1,2";
			};
			name = Release;
		};
		D2F0603320E6DFB200CB442F /* Debug */ = {
			isa = XCBuildConfiguration;
			buildSettings = {
				ASSETCATALOG_COMPILER_APPICON_NAME = AppIcon;
				CODE_SIGN_STYLE = Automatic;
				DEVELOPMENT_TEAM = "";
				HEADER_SEARCH_PATHS = ../../../build/ios/Include;
				INFOPLIST_FILE = ../../../build/ios/Info.plist;
				IPHONEOS_DEPLOYMENT_TARGET = 9.3;
				LD_RUNPATH_SEARCH_PATHS = "$(inherited) @executable_path/Frameworks";
				OTHER_LDFLAGS = "";
				PRODUCT_BUNDLE_IDENTIFIER = "com.mapzen.ios.TangramDemo-static";
				PRODUCT_NAME = "$(TARGET_NAME)";
				SYMROOT = ../../../build/ios;
				TARGETED_DEVICE_FAMILY = "1,2";
			};
			name = Debug;
		};
		D2F0603420E6DFB200CB442F /* Release */ = {
			isa = XCBuildConfiguration;
			buildSettings = {
				ASSETCATALOG_COMPILER_APPICON_NAME = AppIcon;
				CODE_SIGN_STYLE = Automatic;
				DEVELOPMENT_TEAM = "";
				HEADER_SEARCH_PATHS = ../../../build/ios/Include;
				INFOPLIST_FILE = ../../../build/ios/Info.plist;
				IPHONEOS_DEPLOYMENT_TARGET = 9.3;
				LD_RUNPATH_SEARCH_PATHS = "$(inherited) @executable_path/Frameworks";
				OTHER_LDFLAGS = "";
				PRODUCT_BUNDLE_IDENTIFIER = "com.mapzen.ios.TangramDemo-static";
				PRODUCT_NAME = "$(TARGET_NAME)";
				SYMROOT = ../../../build/ios;
				TARGETED_DEVICE_FAMILY = "1,2";
			};
			name = Release;
		};
/* End XCBuildConfiguration section */

/* Begin XCConfigurationList section */
		D298721120D05D8E009A0AB8 /* Build configuration list for PBXProject "TangramDemo" */ = {
			isa = XCConfigurationList;
			buildConfigurations = (
				D298722A20D05D91009A0AB8 /* Debug */,
				D298722B20D05D91009A0AB8 /* Release */,
			);
			defaultConfigurationIsVisible = 0;
			defaultConfigurationName = Release;
		};
		D298722C20D05D91009A0AB8 /* Build configuration list for PBXNativeTarget "TangramDemo" */ = {
			isa = XCConfigurationList;
			buildConfigurations = (
				D298722D20D05D91009A0AB8 /* Debug */,
				D298722E20D05D91009A0AB8 /* Release */,
			);
			defaultConfigurationIsVisible = 0;
			defaultConfigurationName = Release;
		};
		D2F0603220E6DFB200CB442F /* Build configuration list for PBXNativeTarget "TangramDemo-static" */ = {
			isa = XCConfigurationList;
			buildConfigurations = (
				D2F0603320E6DFB200CB442F /* Debug */,
				D2F0603420E6DFB200CB442F /* Release */,
			);
			defaultConfigurationIsVisible = 0;
			defaultConfigurationName = Release;
		};
/* End XCConfigurationList section */
	};
	rootObject = D298720E20D05D8E009A0AB8 /* Project object */;
}
